{
  "version": "2",
  "remote": {
    "https://esm.sh/jsonpath-plus@7.2.0": "05c20ad600722f56ce1f4fc0fedba39674e7ed0d258f4ba109cd455d6990783a",
    "https://esm.sh/v110/jsonpath-plus@7.2.0/deno/jsonpath-plus.js": "ff119f68e17fcca318dec7bfc4bd2bfcc0857c763c03e69dc9066d31929f5399",
    "https://esm.sh/v110/jsonpath-plus@7.2.0/src/jsonpath.d.ts": "12e131b5f9ecafe5d0d3386cd33ce57842ecad58a486e7e5e242f4e3b1ec404b"
  }
}
