{
  "version": "3",
  "redirects": {
    "https://esm.sh/v135/@types/lodash-es@~4.17/index.d.ts": "https://esm.sh/v135/@types/lodash-es@4.17.12/index.d.ts",
    "https://esm.sh/v135/@types/lodash@4.14.202/index": "https://esm.sh/v135/@types/lodash@4.14.202/index~.d.ts"
  },
  "remote": {
    "https://deno.land/std@0.140.0/_util/assert.ts": "e94f2eb37cebd7f199952e242c77654e43333c1ac4c5c700e929ea3aa5489f74",
    "https://deno.land/std@0.140.0/_util/os.ts": "3b4c6e27febd119d36a416d7a97bd3b0251b77c88942c8f16ee5953ea13e2e49",
    "https://deno.land/std@0.140.0/bytes/bytes_list.ts": "67eb118e0b7891d2f389dad4add35856f4ad5faab46318ff99653456c23b025d",
    "https://deno.land/std@0.140.0/bytes/equals.ts": "fc16dff2090cced02497f16483de123dfa91e591029f985029193dfaa9d894c9",
    "https://deno.land/std@0.140.0/bytes/mod.ts": "763f97d33051cc3f28af1a688dfe2830841192a9fea0cbaa55f927b49d49d0bf",
    "https://deno.land/std@0.140.0/fmt/colors.ts": "30455035d6d728394781c10755351742dd731e3db6771b1843f9b9e490104d37",
    "https://deno.land/std@0.140.0/fs/_util.ts": "0fb24eb4bfebc2c194fb1afdb42b9c3dda12e368f43e8f2321f84fc77d42cb0f",
    "https://deno.land/std@0.140.0/fs/ensure_dir.ts": "9dc109c27df4098b9fc12d949612ae5c9c7169507660dcf9ad90631833209d9d",
    "https://deno.land/std@0.140.0/fs/expand_glob.ts": "0c10130d67c9b02164b03df8e43c6d6defbf8e395cb69d09e84a8586e6d72ac3",
    "https://deno.land/std@0.140.0/fs/walk.ts": "117403ccd21fd322febe56ba06053b1ad5064c802170f19b1ea43214088fe95f",
    "https://deno.land/std@0.140.0/hash/sha256.ts": "803846c7a5a8a5a97f31defeb37d72f519086c880837129934f5d6f72102a8e8",
    "https://deno.land/std@0.140.0/io/buffer.ts": "bd0c4bf53db4b4be916ca5963e454bddfd3fcd45039041ea161dbf826817822b",
    "https://deno.land/std@0.140.0/path/_constants.ts": "df1db3ffa6dd6d1252cc9617e5d72165cd2483df90e93833e13580687b6083c3",
    "https://deno.land/std@0.140.0/path/_interface.ts": "ee3b431a336b80cf445441109d089b70d87d5e248f4f90ff906820889ecf8d09",
    "https://deno.land/std@0.140.0/path/_util.ts": "c1e9686d0164e29f7d880b2158971d805b6e0efc3110d0b3e24e4b8af2190d2b",
    "https://deno.land/std@0.140.0/path/common.ts": "bee563630abd2d97f99d83c96c2fa0cca7cee103e8cb4e7699ec4d5db7bd2633",
    "https://deno.land/std@0.140.0/path/glob.ts": "cb5255638de1048973c3e69e420c77dc04f75755524cb3b2e160fe9277d939ee",
    "https://deno.land/std@0.140.0/path/mod.ts": "d3e68d0abb393fb0bf94a6d07c46ec31dc755b544b13144dee931d8d5f06a52d",
    "https://deno.land/std@0.140.0/path/posix.ts": "293cdaec3ecccec0a9cc2b534302dfe308adb6f10861fa183275d6695faace44",
    "https://deno.land/std@0.140.0/path/separator.ts": "fe1816cb765a8068afb3e8f13ad272351c85cbc739af56dacfc7d93d710fe0f9",
    "https://deno.land/std@0.140.0/path/win32.ts": "31811536855e19ba37a999cd8d1b62078235548d67902ece4aa6b814596dd757",
    "https://deno.land/std@0.140.0/streams/conversion.ts": "712585bfa0172a97fb68dd46e784ae8ad59d11b88079d6a4ab098ff42e697d21",
    "https://deno.land/std@0.171.0/_util/asserts.ts": "178dfc49a464aee693a7e285567b3d0b555dc805ff490505a8aae34f9cfb1462",
    "https://deno.land/std@0.171.0/_util/os.ts": "d932f56d41e4f6a6093d56044e29ce637f8dcc43c5a90af43504a889cf1775e3",
    "https://deno.land/std@0.171.0/fmt/colors.ts": "938c5d44d889fb82eff6c358bea8baa7e85950a16c9f6dae3ec3a7a729164471",
    "https://deno.land/std@0.171.0/fs/_util.ts": "65381f341af1ff7f40198cee15c20f59951ac26e51ddc651c5293e24f9ce6f32",
    "https://deno.land/std@0.171.0/fs/empty_dir.ts": "c3d2da4c7352fab1cf144a1ecfef58090769e8af633678e0f3fabaef98594688",
    "https://deno.land/std@0.171.0/fs/expand_glob.ts": "536055845aafc32de7e7a46c3b778a741825d5e2ed8580d9851a01ec7a5adf2e",
    "https://deno.land/std@0.171.0/fs/walk.ts": "ea95ffa6500c1eda6b365be488c056edc7c883a1db41ef46ec3bf057b1c0fe32",
    "https://deno.land/std@0.171.0/path/_constants.ts": "e49961f6f4f48039c0dfed3c3f93e963ca3d92791c9d478ac5b43183413136e0",
    "https://deno.land/std@0.171.0/path/_interface.ts": "6471159dfbbc357e03882c2266d21ef9afdb1e4aa771b0545e90db58a0ba314b",
    "https://deno.land/std@0.171.0/path/_util.ts": "86c2375a996c1931b2f2ac71fefd5ddf0cf0e579fa4ab12d3e4c552d4223b8d8",
    "https://deno.land/std@0.171.0/path/common.ts": "ee7505ab01fd22de3963b64e46cff31f40de34f9f8de1fff6a1bd2fe79380000",
    "https://deno.land/std@0.171.0/path/glob.ts": "d479e0a695621c94d3fd7fe7abd4f9499caf32a8de13f25073451c6ef420a4e1",
    "https://deno.land/std@0.171.0/path/mod.ts": "4b83694ac500d7d31b0cdafc927080a53dc0c3027eb2895790fb155082b0d232",
    "https://deno.land/std@0.171.0/path/posix.ts": "2ecc259e6f34013889b7638ff90339a82d8178f629155761ce6001e41af55a43",
    "https://deno.land/std@0.171.0/path/separator.ts": "0fb679739d0d1d7bf45b68dacfb4ec7563597a902edbaf3c59b50d5bcadd93b1",
    "https://deno.land/std@0.171.0/path/win32.ts": "99170a0eb0e2b1ce41499c1e86bb55320cb6606299ad947f57ee0a291cdb93d5",
    "https://deno.land/std@0.221.0/assert/assert.ts": "bec068b2fccdd434c138a555b19a2c2393b71dfaada02b7d568a01541e67cdc5",
    "https://deno.land/std@0.221.0/assert/assertion_error.ts": "9f689a101ee586c4ce92f52fa7ddd362e86434ffdf1f848e45987dc7689976b8",
    "https://deno.land/std@0.221.0/path/_common/assert_path.ts": "dbdd757a465b690b2cc72fc5fb7698c51507dec6bfafce4ca500c46b76ff7bd8",
    "https://deno.land/std@0.221.0/path/_common/basename.ts": "569744855bc8445f3a56087fd2aed56bdad39da971a8d92b138c9913aecc5fa2",
    "https://deno.land/std@0.221.0/path/_common/common.ts": "ef73c2860694775fe8ffcbcdd387f9f97c7a656febf0daa8c73b56f4d8a7bd4c",
    "https://deno.land/std@0.221.0/path/_common/constants.ts": "dc5f8057159f4b48cd304eb3027e42f1148cf4df1fb4240774d3492b5d12ac0c",
    "https://deno.land/std@0.221.0/path/_common/dirname.ts": "684df4aa71a04bbcc346c692c8485594fc8a90b9408dfbc26ff32cf3e0c98cc8",
    "https://deno.land/std@0.221.0/path/_common/format.ts": "92500e91ea5de21c97f5fe91e178bae62af524b72d5fcd246d6d60ae4bcada8b",
    "https://deno.land/std@0.221.0/path/_common/from_file_url.ts": "d672bdeebc11bf80e99bf266f886c70963107bdd31134c4e249eef51133ceccf",
    "https://deno.land/std@0.221.0/path/_common/glob_to_reg_exp.ts": "6cac16d5c2dc23af7d66348a7ce430e5de4e70b0eede074bdbcf4903f4374d8d",
    "https://deno.land/std@0.221.0/path/_common/normalize.ts": "684df4aa71a04bbcc346c692c8485594fc8a90b9408dfbc26ff32cf3e0c98cc8",
    "https://deno.land/std@0.221.0/path/_common/normalize_string.ts": "33edef773c2a8e242761f731adeb2bd6d683e9c69e4e3d0092985bede74f4ac3",
    "https://deno.land/std@0.221.0/path/_common/relative.ts": "faa2753d9b32320ed4ada0733261e3357c186e5705678d9dd08b97527deae607",
    "https://deno.land/std@0.221.0/path/_common/strip_trailing_separators.ts": "7024a93447efcdcfeaa9339a98fa63ef9d53de363f1fbe9858970f1bba02655a",
    "https://deno.land/std@0.221.0/path/_common/to_file_url.ts": "7f76adbc83ece1bba173e6e98a27c647712cab773d3f8cbe0398b74afc817883",
    "https://deno.land/std@0.221.0/path/_interface.ts": "8dfeb930ca4a772c458a8c7bbe1e33216fe91c253411338ad80c5b6fa93ddba0",
    "https://deno.land/std@0.221.0/path/_os.ts": "8fb9b90fb6b753bd8c77cfd8a33c2ff6c5f5bc185f50de8ca4ac6a05710b2c15",
    "https://deno.land/std@0.221.0/path/basename.ts": "7ee495c2d1ee516ffff48fb9a93267ba928b5a3486b550be73071bc14f8cc63e",
    "https://deno.land/std@0.221.0/path/common.ts": "03e52e22882402c986fe97ca3b5bb4263c2aa811c515ce84584b23bac4cc2643",
    "https://deno.land/std@0.221.0/path/constants.ts": "0c206169ca104938ede9da48ac952de288f23343304a1c3cb6ec7625e7325f36",
    "https://deno.land/std@0.221.0/path/dirname.ts": "85bd955bf31d62c9aafdd7ff561c4b5fb587d11a9a5a45e2b01aedffa4238a7c",
    "https://deno.land/std@0.221.0/path/extname.ts": "593303db8ae8c865cbd9ceec6e55d4b9ac5410c1e276bfd3131916591b954441",
    "https://deno.land/std@0.221.0/path/format.ts": "6ce1779b0980296cf2bc20d66436b12792102b831fd281ab9eb08fa8a3e6f6ac",
    "https://deno.land/std@0.221.0/path/from_file_url.ts": "911833ae4fd10a1c84f6271f36151ab785955849117dc48c6e43b929504ee069",
    "https://deno.land/std@0.221.0/path/glob_to_regexp.ts": "7f30f0a21439cadfdae1be1bf370880b415e676097fda584a63ce319053b5972",
    "https://deno.land/std@0.221.0/path/is_absolute.ts": "4791afc8bfd0c87f0526eaa616b0d16e7b3ab6a65b62942e50eac68de4ef67d7",
    "https://deno.land/std@0.221.0/path/is_glob.ts": "a65f6195d3058c3050ab905705891b412ff942a292bcbaa1a807a74439a14141",
    "https://deno.land/std@0.221.0/path/join.ts": "ae2ec5ca44c7e84a235fd532e4a0116bfb1f2368b394db1c4fb75e3c0f26a33a",
    "https://deno.land/std@0.221.0/path/join_globs.ts": "5b3bf248b93247194f94fa6947b612ab9d3abd571ca8386cf7789038545e54a0",
    "https://deno.land/std@0.221.0/path/mod.ts": "2821a1bb3a4148a0ffe79c92aa41aa9319fef73c6d6f5178f52b2c720d3eb02d",
    "https://deno.land/std@0.221.0/path/normalize.ts": "4155743ccceeed319b350c1e62e931600272fad8ad00c417b91df093867a8352",
    "https://deno.land/std@0.221.0/path/normalize_glob.ts": "cc89a77a7d3b1d01053b9dcd59462b75482b11e9068ae6c754b5cf5d794b374f",
    "https://deno.land/std@0.221.0/path/parse.ts": "3e172974e3c71025f5fbd2bd9db4307acb9cc2de14cf6f4464bf40957663cabe",
    "https://deno.land/std@0.221.0/path/posix/_util.ts": "1e3937da30f080bfc99fe45d7ed23c47dd8585c5e473b2d771380d3a6937cf9d",
    "https://deno.land/std@0.221.0/path/posix/basename.ts": "d2fa5fbbb1c5a3ab8b9326458a8d4ceac77580961b3739cd5bfd1d3541a3e5f0",
    "https://deno.land/std@0.221.0/path/posix/common.ts": "26f60ccc8b2cac3e1613000c23ac5a7d392715d479e5be413473a37903a2b5d4",
    "https://deno.land/std@0.221.0/path/posix/constants.ts": "93481efb98cdffa4c719c22a0182b994e5a6aed3047e1962f6c2c75b7592bef1",
    "https://deno.land/std@0.221.0/path/posix/dirname.ts": "76cd348ffe92345711409f88d4d8561d8645353ac215c8e9c80140069bf42f00",
    "https://deno.land/std@0.221.0/path/posix/extname.ts": "e398c1d9d1908d3756a7ed94199fcd169e79466dd88feffd2f47ce0abf9d61d2",
    "https://deno.land/std@0.221.0/path/posix/format.ts": "185e9ee2091a42dd39e2a3b8e4925370ee8407572cee1ae52838aed96310c5c1",
    "https://deno.land/std@0.221.0/path/posix/from_file_url.ts": "951aee3a2c46fd0ed488899d024c6352b59154c70552e90885ed0c2ab699bc40",
    "https://deno.land/std@0.221.0/path/posix/glob_to_regexp.ts": "76f012fcdb22c04b633f536c0b9644d100861bea36e9da56a94b9c589a742e8f",
    "https://deno.land/std@0.221.0/path/posix/is_absolute.ts": "cebe561ad0ae294f0ce0365a1879dcfca8abd872821519b4fcc8d8967f888ede",
    "https://deno.land/std@0.221.0/path/posix/is_glob.ts": "8a8b08c08bf731acf2c1232218f1f45a11131bc01de81e5f803450a5914434b9",
    "https://deno.land/std@0.221.0/path/posix/join.ts": "7fc2cb3716aa1b863e990baf30b101d768db479e70b7313b4866a088db016f63",
    "https://deno.land/std@0.221.0/path/posix/join_globs.ts": "a9475b44645feddceb484ee0498e456f4add112e181cb94042cdc6d47d1cdd25",
    "https://deno.land/std@0.221.0/path/posix/mod.ts": "2301fc1c54a28b349e20656f68a85f75befa0ee9b6cd75bfac3da5aca9c3f604",
    "https://deno.land/std@0.221.0/path/posix/normalize.ts": "baeb49816a8299f90a0237d214cef46f00ba3e95c0d2ceb74205a6a584b58a91",
    "https://deno.land/std@0.221.0/path/posix/normalize_glob.ts": "9c87a829b6c0f445d03b3ecadc14492e2864c3ebb966f4cea41e98326e4435c6",
    "https://deno.land/std@0.221.0/path/posix/parse.ts": "0b1fc4cb890dbb699ec1d2c232d274843b4a7142e1ad976b69fe51c954eb6080",
    "https://deno.land/std@0.221.0/path/posix/relative.ts": "3907d6eda41f0ff723d336125a1ad4349112cd4d48f693859980314d5b9da31c",
    "https://deno.land/std@0.221.0/path/posix/resolve.ts": "08b699cfeee10cb6857ccab38fa4b2ec703b0ea33e8e69964f29d02a2d5257cf",
    "https://deno.land/std@0.221.0/path/posix/to_file_url.ts": "7aa752ba66a35049e0e4a4be5a0a31ac6b645257d2e031142abb1854de250aaf",
    "https://deno.land/std@0.221.0/path/posix/to_namespaced_path.ts": "28b216b3c76f892a4dca9734ff1cc0045d135532bfd9c435ae4858bfa5a2ebf0",
    "https://deno.land/std@0.221.0/path/relative.ts": "ab739d727180ed8727e34ed71d976912461d98e2b76de3d3de834c1066667add",
    "https://deno.land/std@0.221.0/path/resolve.ts": "a6f977bdb4272e79d8d0ed4333e3d71367cc3926acf15ac271f1d059c8494d8d",
    "https://deno.land/std@0.221.0/path/to_file_url.ts": "88f049b769bce411e2d2db5bd9e6fd9a185a5fbd6b9f5ad8f52bef517c4ece1b",
    "https://deno.land/std@0.221.0/path/to_namespaced_path.ts": "b706a4103b104cfadc09600a5f838c2ba94dbcdb642344557122dda444526e40",
    "https://deno.land/std@0.221.0/path/windows/_util.ts": "d5f47363e5293fced22c984550d5e70e98e266cc3f31769e1710511803d04808",
    "https://deno.land/std@0.221.0/path/windows/basename.ts": "6bbc57bac9df2cec43288c8c5334919418d784243a00bc10de67d392ab36d660",
    "https://deno.land/std@0.221.0/path/windows/common.ts": "26f60ccc8b2cac3e1613000c23ac5a7d392715d479e5be413473a37903a2b5d4",
    "https://deno.land/std@0.221.0/path/windows/constants.ts": "5afaac0a1f67b68b0a380a4ef391bf59feb55856aa8c60dfc01bd3b6abb813f5",
    "https://deno.land/std@0.221.0/path/windows/dirname.ts": "33e421be5a5558a1346a48e74c330b8e560be7424ed7684ea03c12c21b627bc9",
    "https://deno.land/std@0.221.0/path/windows/extname.ts": "165a61b00d781257fda1e9606a48c78b06815385e7d703232548dbfc95346bef",
    "https://deno.land/std@0.221.0/path/windows/format.ts": "bbb5ecf379305b472b1082cd2fdc010e44a0020030414974d6029be9ad52aeb6",
    "https://deno.land/std@0.221.0/path/windows/from_file_url.ts": "ced2d587b6dff18f963f269d745c4a599cf82b0c4007356bd957cb4cb52efc01",
    "https://deno.land/std@0.221.0/path/windows/glob_to_regexp.ts": "e45f1f89bf3fc36f94ab7b3b9d0026729829fabc486c77f414caebef3b7304f8",
    "https://deno.land/std@0.221.0/path/windows/is_absolute.ts": "4a8f6853f8598cf91a835f41abed42112cebab09478b072e4beb00ec81f8ca8a",
    "https://deno.land/std@0.221.0/path/windows/is_glob.ts": "8a8b08c08bf731acf2c1232218f1f45a11131bc01de81e5f803450a5914434b9",
    "https://deno.land/std@0.221.0/path/windows/join.ts": "8d03530ab89195185103b7da9dfc6327af13eabdcd44c7c63e42e27808f50ecf",
    "https://deno.land/std@0.221.0/path/windows/join_globs.ts": "a9475b44645feddceb484ee0498e456f4add112e181cb94042cdc6d47d1cdd25",
    "https://deno.land/std@0.221.0/path/windows/mod.ts": "2301fc1c54a28b349e20656f68a85f75befa0ee9b6cd75bfac3da5aca9c3f604",
    "https://deno.land/std@0.221.0/path/windows/normalize.ts": "78126170ab917f0ca355a9af9e65ad6bfa5be14d574c5fb09bb1920f52577780",
    "https://deno.land/std@0.221.0/path/windows/normalize_glob.ts": "9c87a829b6c0f445d03b3ecadc14492e2864c3ebb966f4cea41e98326e4435c6",
    "https://deno.land/std@0.221.0/path/windows/parse.ts": "dbdfe2bc6db482d755b5f63f7207cd019240fcac02ad2efa582adf67ff10553a",
    "https://deno.land/std@0.221.0/path/windows/relative.ts": "3e1abc7977ee6cc0db2730d1f9cb38be87b0ce4806759d271a70e4997fc638d7",
    "https://deno.land/std@0.221.0/path/windows/resolve.ts": "8dae1dadfed9d46ff46cc337c9525c0c7d959fb400a6308f34595c45bdca1972",
    "https://deno.land/std@0.221.0/path/windows/to_file_url.ts": "40e560ee4854fe5a3d4d12976cef2f4e8914125c81b11f1108e127934ced502e",
    "https://deno.land/std@0.221.0/path/windows/to_namespaced_path.ts": "4ffa4fb6fae321448d5fe810b3ca741d84df4d7897e61ee29be961a6aac89a4c",
    "https://deno.land/x/code_block_writer@11.0.3/mod.ts": "2c3448060e47c9d08604c8f40dee34343f553f33edcdfebbf648442be33205e5",
    "https://deno.land/x/code_block_writer@11.0.3/utils/string_utils.ts": "60cb4ec8bd335bf241ef785ccec51e809d576ff8e8d29da43d2273b69ce2a6ff",
    "https://deno.land/x/deno_cache@0.4.1/auth_tokens.ts": "5fee7e9155e78cedf3f6ff3efacffdb76ac1a76c86978658d9066d4fb0f7326e",
    "https://deno.land/x/deno_cache@0.4.1/cache.ts": "51f72f4299411193d780faac8c09d4e8cbee951f541121ef75fcc0e94e64c195",
    "https://deno.land/x/deno_cache@0.4.1/deno_dir.ts": "f2a9044ce8c7fe1109004cda6be96bf98b08f478ce77e7a07f866eff1bdd933f",
    "https://deno.land/x/deno_cache@0.4.1/deps.ts": "8974097d6c17e65d9a82d39377ae8af7d94d74c25c0cbb5855d2920e063f2343",
    "https://deno.land/x/deno_cache@0.4.1/dirs.ts": "d2fa473ef490a74f2dcb5abb4b9ab92a48d2b5b6320875df2dee64851fa64aa9",
    "https://deno.land/x/deno_cache@0.4.1/disk_cache.ts": "1f3f5232cba4c56412d93bdb324c624e95d5dd179d0578d2121e3ccdf55539f9",
    "https://deno.land/x/deno_cache@0.4.1/file_fetcher.ts": "07a6c5f8fd94bf50a116278cc6012b4921c70d2251d98ce1c9f3c352135c39f7",
    "https://deno.land/x/deno_cache@0.4.1/http_cache.ts": "f632e0d6ec4a5d61ae3987737a72caf5fcdb93670d21032ddb78df41131360cd",
    "https://deno.land/x/deno_cache@0.4.1/mod.ts": "ef1cda9235a93b89cb175fe648372fc0f785add2a43aa29126567a05e3e36195",
    "https://deno.land/x/deno_cache@0.4.1/util.ts": "8cb686526f4be5205b92c819ca2ce82220aa0a8dd3613ef0913f6dc269dbbcfe",
    "https://deno.land/x/dnt@0.33.1/lib/compiler.ts": "dd589db479d6d7e69999865003ab83c41544e251ece4f21f2f2ee74557097ba6",
    "https://deno.land/x/dnt@0.33.1/lib/compiler_transforms.ts": "cbb1fd5948f5ced1aa5c5aed9e45134e2357ce1e7220924c1d7bded30dcd0dd0",
    "https://deno.land/x/dnt@0.33.1/lib/mod.deps.ts": "6648fb17b4a49677cb0c24f60ffb5067a86ad69ff97712d40fe0d62b281b1811",
    "https://deno.land/x/dnt@0.33.1/lib/npm_ignore.ts": "ddc1a7a76b288ca471bf1a6298527887a0f9eb7e25008072fd9c9fa9bb28c71a",
    "https://deno.land/x/dnt@0.33.1/lib/package_json.ts": "2d629dbaef8004971e38ce3661f04b915a35342b905c3d98ff4a25343c2a8293",
    "https://deno.land/x/dnt@0.33.1/lib/pkg/dnt_wasm.generated.js": "00257fc2f03321bb5f2b9bc23cb85e79fe55eb49a325d5ab925b9fc81b4aa963",
    "https://deno.land/x/dnt@0.33.1/lib/pkg/snippets/dnt-wasm-a15ef721fa5290c5/helpers.js": "a6b95adc943a68d513fe8ed9ec7d260ac466b7a4bced4e942f733e494bb9f1be",
    "https://deno.land/x/dnt@0.33.1/lib/shims.ts": "7998851b149cb230f5183590d3b66c06f696fefb1c31c24eb5736f1ef12a4de1",
    "https://deno.land/x/dnt@0.33.1/lib/test_runner/get_test_runner_code.ts": "2a4e26aa33120f3cc9e03b8538211a5047a4bad4c64e895944b87f2dcd55d904",
    "https://deno.land/x/dnt@0.33.1/lib/test_runner/test_runner.ts": "b91d77d9d4b82984cb2ba7431ba6935756ba72f62e7dd4db22cd47a680ebd952",
    "https://deno.land/x/dnt@0.33.1/lib/transform.deps.ts": "a6e138e380ebe4479bed1b00ae8dff1d4e6626cc53bc79dd98f907b43745d63a",
    "https://deno.land/x/dnt@0.33.1/lib/types.ts": "34e45a3136c2f21f797173ea46d9ea5d1639eb7b834a5bd565aad4214fa32603",
    "https://deno.land/x/dnt@0.33.1/lib/utils.ts": "d13b5b3148a2c71e9b2f1c84c7be7393b825ae972505e23c2f6b1e5287e96b43",
    "https://deno.land/x/dnt@0.33.1/mod.ts": "691ea4b644cc61123b7beed19e66af301f25985483b81d21cfe49a0be2877fd9",
    "https://deno.land/x/dnt@0.33.1/transform.ts": "1b127c5f22699c8ab2545b98aeca38c4e5c21405b0f5342ea17e9c46280ed277",
    "https://deno.land/x/ts_morph@17.0.1/bootstrap/mod.ts": "b53aad517f106c4079971fcd4a81ab79fadc40b50061a3ab2b741a09119d51e9",
    "https://deno.land/x/ts_morph@17.0.1/bootstrap/ts_morph_bootstrap.js": "91a954daa993c5acb3361aa5279394f81ea6fe18b3854345c86111b336491cfc",
    "https://deno.land/x/ts_morph@17.0.1/common/DenoRuntime.ts": "537800e840d0994f9055164e11bf33eadf96419246af0d3c453793c3ae67bdb3",
    "https://deno.land/x/ts_morph@17.0.1/common/mod.ts": "01985d2ee7da8d1caee318a9d07664774fbee4e31602bc2bb6bb62c3489555ed",
    "https://deno.land/x/ts_morph@17.0.1/common/ts_morph_common.js": "49a79124b941ba2b35d81ac9eb90fc33c957b2640cdb97569c1941bac5a3bbdb",
    "https://deno.land/x/ts_morph@17.0.1/common/typescript.js": "5dd669eb199ee2a539924c63a92e23d95df43dfe2fbe3a9d68c871648be1ad5e",
    "https://esm.sh/jsonpath-plus@8.1.0": "112591b3685ff3b188791613336c11eb35903185f1487c748bbae84e5533c462",
    "https://esm.sh/lodash-es@4.17.21": "460848e64379750386465df2bfcbe530dc5be584cabb39816e0dec105e5f9af2",
    "https://esm.sh/v135/jsonpath-plus@8.1.0/denonext/jsonpath-plus.mjs": "138350e69ed8b337c374ca2fb23178c1169e66f15fee10f77bd0313cb93e0d74",
    "https://esm.sh/v135/lodash-es@4.17.21/denonext/lodash-es.mjs": "ca6d37e6a1271d1bd8920da5ff11f7d05465f5d7961d5d09b44db331838981d7"
  }
}
